
Microsoft Visual Studio Solution File, Format Version 12.00
# Visual Studio Version 17
VisualStudioVersion = 17.4.33213.308
MinimumVisualStudioVersion = 10.0.40219.1
Project("{FAE04EC0-301F-11D3-BF4B-00C04F79EFBC}") = "Backend.Apis", "Backend.Apis\Backend.Apis.csproj", "{99AFE46E-855F-4045-BA92-76102B65258B}"
EndProject
Global
	GlobalSection(SolutionConfigurationPlatforms) = preSolution
		Debug|Any CPU = Debug|Any CPU
		Release|Any CPU = Release|Any CPU
	EndGlobalSection
	GlobalSection(ProjectConfigurationPlatforms) = postSolution
		{99AFE46E-855F-4045-BA92-76102B65258B}.Debug|Any CPU.ActiveCfg = Debug|Any CPU
		{99AFE46E-855F-4045-BA92-76102B65258B}.Debug|Any CPU.Build.0 = Debug|Any CPU
		{99AFE46E-855F-4045-BA92-76102B65258B}.Release|Any CPU.ActiveCfg = Release|Any CPU
		{99AFE46E-855F-4045-BA92-76102B65258B}.Release|Any CPU.Build.0 = Release|Any CPU
	EndGlobalSection
	GlobalSection(SolutionProperties) = preSolution
		HideSolutionNode = FALSE
	EndGlobalSection
	GlobalSection(ExtensibilityGlobals) = postSolution
		SolutionGuid = {BECAD46B-10DF-484D-8273-5E95ABA63382}
	EndGlobalSection
EndGlobal
